
Microsoft Visual Studio Solution File, Format Version 12.00
# Visual Studio 14
VisualStudioVersion = 14.0.25420.1
MinimumVisualStudioVersion = 10.0.40219.1
Project("{FAE04EC0-301F-11D3-BF4B-00C04F79EFBC}") = "DreamSale.Model", "DreamSale.Model\DreamSale.Model.csproj", "{70A8446D-FEBB-4C7C-83AF-29494BD98E46}"
EndProject
Project("{FAE04EC0-301F-11D3-BF4B-00C04F79EFBC}") = "DreamSale.Infrastructure", "DreamSale.Infrastructure\DreamSale.Infrastructure.csproj", "{4D66A587-6B3F-4B3D-8DBE-16A87F113709}"
EndProject
Project("{FAE04EC0-301F-11D3-BF4B-00C04F79EFBC}") = "DreamSale.Common", "DreamSale.Common\DreamSale.Common.csproj", "{BDA00497-4C97-477A-8638-FD4E53BBB4E9}"
EndProject
Project("{FAE04EC0-301F-11D3-BF4B-00C04F79EFBC}") = "DreamSale.Helper", "DreamSale.Helper\DreamSale.Helper.csproj", "{6D0187FD-AA3E-49AC-854F-33044E971EB9}"
EndProject
Project("{FAE04EC0-301F-11D3-BF4B-00C04F79EFBC}") = "DreamSale.Core", "DreamSale.Core\DreamSale.Core.csproj", "{8B17AEE3-AA29-4160-ACBC-A68F0C5E5FDD}"
EndProject
Project("{FAE04EC0-301F-11D3-BF4B-00C04F79EFBC}") = "ConsoleForTest", "ConsoleForTest\ConsoleForTest.csproj", "{5319A59C-C534-4339-A90B-FD44B61EB70D}"
EndProject
Global
	GlobalSection(SolutionConfigurationPlatforms) = preSolution
		Debug|Any CPU = Debug|Any CPU
		Release|Any CPU = Release|Any CPU
	EndGlobalSection
	GlobalSection(ProjectConfigurationPlatforms) = postSolution
		{70A8446D-FEBB-4C7C-83AF-29494BD98E46}.Debug|Any CPU.ActiveCfg = Debug|Any CPU
		{70A8446D-FEBB-4C7C-83AF-29494BD98E46}.Debug|Any CPU.Build.0 = Debug|Any CPU
		{70A8446D-FEBB-4C7C-83AF-29494BD98E46}.Release|Any CPU.ActiveCfg = Release|Any CPU
		{70A8446D-FEBB-4C7C-83AF-29494BD98E46}.Release|Any CPU.Build.0 = Release|Any CPU
		{4D66A587-6B3F-4B3D-8DBE-16A87F113709}.Debug|Any CPU.ActiveCfg = Debug|Any CPU
		{4D66A587-6B3F-4B3D-8DBE-16A87F113709}.Debug|Any CPU.Build.0 = Debug|Any CPU
		{4D66A587-6B3F-4B3D-8DBE-16A87F113709}.Release|Any CPU.ActiveCfg = Release|Any CPU
		{4D66A587-6B3F-4B3D-8DBE-16A87F113709}.Release|Any CPU.Build.0 = Release|Any CPU
		{BDA00497-4C97-477A-8638-FD4E53BBB4E9}.Debug|Any CPU.ActiveCfg = Debug|Any CPU
		{BDA00497-4C97-477A-8638-FD4E53BBB4E9}.Debug|Any CPU.Build.0 = Debug|Any CPU
		{BDA00497-4C97-477A-8638-FD4E53BBB4E9}.Release|Any CPU.ActiveCfg = Release|Any CPU
		{BDA00497-4C97-477A-8638-FD4E53BBB4E9}.Release|Any CPU.Build.0 = Release|Any CPU
		{6D0187FD-AA3E-49AC-854F-33044E971EB9}.Debug|Any CPU.ActiveCfg = Debug|Any CPU
		{6D0187FD-AA3E-49AC-854F-33044E971EB9}.Debug|Any CPU.Build.0 = Debug|Any CPU
		{6D0187FD-AA3E-49AC-854F-33044E971EB9}.Release|Any CPU.ActiveCfg = Release|Any CPU
		{6D0187FD-AA3E-49AC-854F-33044E971EB9}.Release|Any CPU.Build.0 = Release|Any CPU
		{8B17AEE3-AA29-4160-ACBC-A68F0C5E5FDD}.Debug|Any CPU.ActiveCfg = Debug|Any CPU
		{8B17AEE3-AA29-4160-ACBC-A68F0C5E5FDD}.Debug|Any CPU.Build.0 = Debug|Any CPU
		{8B17AEE3-AA29-4160-ACBC-A68F0C5E5FDD}.Release|Any CPU.ActiveCfg = Release|Any CPU
		{8B17AEE3-AA29-4160-ACBC-A68F0C5E5FDD}.Release|Any CPU.Build.0 = Release|Any CPU
		{5319A59C-C534-4339-A90B-FD44B61EB70D}.Debug|Any CPU.ActiveCfg = Debug|Any CPU
		{5319A59C-C534-4339-A90B-FD44B61EB70D}.Debug|Any CPU.Build.0 = Debug|Any CPU
		{5319A59C-C534-4339-A90B-FD44B61EB70D}.Release|Any CPU.ActiveCfg = Release|Any CPU
		{5319A59C-C534-4339-A90B-FD44B61EB70D}.Release|Any CPU.Build.0 = Release|Any CPU
	EndGlobalSection
	GlobalSection(SolutionProperties) = preSolution
		HideSolutionNode = FALSE
	EndGlobalSection
EndGlobal
